github.com/Lofanmi/chinese-calendar-golang v0.0.0-20200229180428-6d37a682e748 h1:aMzo0TqXCJbKsoEt4eNYh8e3j19zkK8jQn181b9TBYA=
github.com/Lofanmi/chinese-calendar-golang v0.0.0-20200229180428-6d37a682e748/go.mod h1:06TvyVS9oGmUmhpHTs8PBtXv9oowxIrBZkX+Kmr/1SU=
github.com/jinzhu/now v1.1.2 h1:eVKgfIdy9b6zbWBMgFpfDPoAMifwSZagU9HmEU6zgiI=
github.com/jinzhu/now v1.1.2/go.mod h1:d3SSVoowX0Lcu0IBviAWJpolVfI5UJVZZ7cO71lE/z8=
